<?xml version="1.0" encoding="utf-8"?>
<Project ToolsVersion="4.0" xmlns="http://schemas.microsoft.com/developer/msbuild/2003">
  <ItemGroup>
    <ApplicationDefinition Include="App.xaml" />
  </ItemGroup>
  <ItemGroup>
    <Page Include="MainWindow.xaml" />
    <Page Include="ConsolePage.xaml">
      <Filter>Views</Filter>
    </Page>
    <Page Include="DashboardPage.xaml">
      <Filter>Views</Filter>
    </Page>
    <Page Include="SettingsPage.xaml">
      <Filter>Views</Filter>
    </Page>
    <Page Include="UtilitiesPage.xaml">
      <Filter>Views</Filter>
    </Page>
  </ItemGroup>
  <ItemGroup>
    <Midl Include="App.idl" />
    <Midl Include="MainWindow.idl" />
    <Midl Include="Views\ConsolePage.idl">
      <Filter>Views</Filter>
    </Midl>
    <Midl Include="Views\DashboardPage.idl">
      <Filter>Views</Filter>
    </Midl>
    <Midl Include="Views\SettingsPage.idl">
      <Filter>Views</Filter>
    </Midl>
    <Midl Include="Views\UtilitiesPage.idl">
      <Filter>Views</Filter>
    </Midl>
    <Midl Include="Views\DashboardPage.idl">
      <Filter>Views</Filter>
    </Midl>
    <Midl Include="Views\ConsolePage.idl">
      <Filter>Views</Filter>
    </Midl>
    <Midl Include="Views\SettingsPage.idl">
      <Filter>Views</Filter>
    </Midl>
    <Midl Include="Views\UtilitiesPage.idl">
      <Filter>Views</Filter>
    </Midl>
    <Midl Include="ConsolePage.idl">
      <Filter>Views</Filter>
    </Midl>
    <Midl Include="DashboardPage.idl">
      <Filter>Views</Filter>
    </Midl>
    <Midl Include="SettingsPage.idl">
      <Filter>Views</Filter>
    </Midl>
    <Midl Include="UtilitiesPage.idl">
      <Filter>Views</Filter>
    </Midl>
  </ItemGroup>
  <ItemGroup>
    <ClCompile Include="pch.cpp" />
    <ClCompile Include="$(GeneratedFilesDir)module.g.cpp" />
    <ClCompile Include="Models\appfs.cpp">
      <Filter>Models</Filter>
    </ClCompile>
    <ClCompile Include="Models\config.cpp">
      <Filter>Models</Filter>
    </ClCompile>
  </ItemGroup>
  <ItemGroup>
    <ClInclude Include="pch.h" />
    <ClInclude Include="Models\appfs.hpp">
      <Filter>Models</Filter>
    </ClInclude>
    <ClInclude Include="Models\config.hpp">
      <Filter>Models</Filter>
    </ClInclude>
  </ItemGroup>
  <ItemGroup>
    <Filter Include="Assets">
      <UniqueIdentifier>{8b952566-f559-4b46-af59-bebb8cbe1c24}</UniqueIdentifier>
    </Filter>
    <Filter Include="Models">
      <UniqueIdentifier>{b6b8f88d-9573-48df-9f95-7d6e43f162ca}</UniqueIdentifier>
    </Filter>
    <Filter Include="Views">
      <UniqueIdentifier>{ff4c665c-01da-41a7-a78c-9b2654aa6fe1}</UniqueIdentifier>
    </Filter>
  </ItemGroup>
  <ItemGroup>
    <Manifest Include="app.manifest" />
  </ItemGroup>
  <ItemGroup>
    <None Include="packages.config" />
  </ItemGroup>
</Project>