<?xml version="1.0" encoding="utf-8"?>
<Project ToolsVersion="4.0" xmlns="http://schemas.microsoft.com/developer/msbuild/2003">
  <ItemGroup>
    <ApplicationDefinition Include="App.xaml" />
  </ItemGroup>
  <ItemGroup>
    <Page Include="ConsolePage.xaml">
      <Filter>Views</Filter>
    </Page>
    <Page Include="DashboardPage.xaml">
      <Filter>Views</Filter>
    </Page>
    <Page Include="SettingsPage.xaml">
      <Filter>Views</Filter>
    </Page>
    <Page Include="UtilitiesPage.xaml">
      <Filter>Views</Filter>
    </Page>
    <Page Include="MainWindow.xaml">
      <Filter>Views</Filter>
    </Page>
  </ItemGroup>
  <ItemGroup>
    <Midl Include="App.idl" />
    <Midl Include="MainWindow.idl" />
    <Midl Include="ConsolePage.idl">
      <Filter>Views</Filter>
    </Midl>
    <Midl Include="DashboardPage.idl">
      <Filter>Views</Filter>
    </Midl>
    <Midl Include="SettingsPage.idl">
      <Filter>Views</Filter>
    </Midl>
    <Midl Include="UtilitiesPage.idl">
      <Filter>Views</Filter>
    </Midl>
    <Midl Include="Models.idl">
      <Filter>Models</Filter>
    </Midl>
    <Midl Include="ViewModels.idl">
      <Filter>ViewModels</Filter>
    </Midl>
  </ItemGroup>
  <ItemGroup>
    <ClCompile Include="pch.cpp" />
    <ClCompile Include="$(GeneratedFilesDir)module.g.cpp" />
    <ClCompile Include="Utilities\appfs.cpp">
      <Filter>Utilities</Filter>
    </ClCompile>
    <ClCompile Include="Utilities\config.cpp">
      <Filter>Utilities</Filter>
    </ClCompile>
    <ClCompile Include="Models.Mapper.cpp">
      <Filter>Models</Filter>
    </ClCompile>
    <ClCompile Include="ViewModels.MainWindowViewModel.cpp">
      <Filter>ViewModels</Filter>
    </ClCompile>
    <ClCompile Include="ViewModels.DashboardPageViewModel.cpp">
      <Filter>ViewModels</Filter>
    </ClCompile>
  </ItemGroup>
  <ItemGroup>
    <ClInclude Include="pch.h" />
    <ClInclude Include="Utilities\appfs.hpp">
      <Filter>Utilities</Filter>
    </ClInclude>
    <ClInclude Include="Utilities\config.hpp">
      <Filter>Utilities</Filter>
    </ClInclude>
    <ClInclude Include="Models.Mapper.h">
      <Filter>Models</Filter>
    </ClInclude>
    <ClInclude Include="Utilities\encoding.hpp">
      <Filter>Utilities</Filter>
    </ClInclude>
    <ClInclude Include="ViewModels.MainWindowViewModel.h">
      <Filter>ViewModels</Filter>
    </ClInclude>
    <ClInclude Include="Utilities\tools.hpp">
      <Filter>Utilities</Filter>
    </ClInclude>
    <ClInclude Include="ViewModels.DashboardPageViewModel.h">
      <Filter>ViewModels</Filter>
    </ClInclude>
  </ItemGroup>
  <ItemGroup>
    <Filter Include="Assets">
      <UniqueIdentifier>{8b952566-f559-4b46-af59-bebb8cbe1c24}</UniqueIdentifier>
    </Filter>
    <Filter Include="Models">
      <UniqueIdentifier>{b6b8f88d-9573-48df-9f95-7d6e43f162ca}</UniqueIdentifier>
    </Filter>
    <Filter Include="Utilities">
      <UniqueIdentifier>{2a3d1877-8d6b-4b64-938a-b06f0761a225}</UniqueIdentifier>
    </Filter>
    <Filter Include="ViewModels">
      <UniqueIdentifier>{04ea6bbf-7105-49b5-976f-57555e19a293}</UniqueIdentifier>
    </Filter>
    <Filter Include="Views">
      <UniqueIdentifier>{ff4c665c-01da-41a7-a78c-9b2654aa6fe1}</UniqueIdentifier>
    </Filter>
  </ItemGroup>
  <ItemGroup>
    <Manifest Include="app.manifest" />
  </ItemGroup>
  <ItemGroup>
    <None Include="packages.config" />
  </ItemGroup>
  <ItemGroup>
    <Image Include="Assets\fs2020logo.png">
      <Filter>Assets</Filter>
    </Image>
    <Image Include="Assets\dcslogo.png">
      <Filter>Assets</Filter>
    </Image>
  </ItemGroup>
</Project>